
Microsoft Visual Studio Solution File, Format Version 12.00
# Visual Studio Version 16
VisualStudioVersion = 16.0.31410.357
MinimumVisualStudioVersion = 10.0.40219.1
Project("{FAE04EC0-301F-11D3-BF4B-00C04F79EFBC}") = "MusicStore", "MusicStore\MusicStore.csproj", "{D9967003-6752-46A2-B376-24C928389DCE}"
EndProject
Global
	GlobalSection(SolutionConfigurationPlatforms) = preSolution
		Debug|Any CPU = Debug|Any CPU
		Release|Any CPU = Release|Any CPU
	EndGlobalSection
	GlobalSection(ProjectConfigurationPlatforms) = postSolution
		{D9967003-6752-46A2-B376-24C928389DCE}.Debug|Any CPU.ActiveCfg = Debug|Any CPU
		{D9967003-6752-46A2-B376-24C928389DCE}.Debug|Any CPU.Build.0 = Debug|Any CPU
		{D9967003-6752-46A2-B376-24C928389DCE}.Release|Any CPU.ActiveCfg = Release|Any CPU
		{D9967003-6752-46A2-B376-24C928389DCE}.Release|Any CPU.Build.0 = Release|Any CPU
	EndGlobalSection
	GlobalSection(SolutionProperties) = preSolution
		HideSolutionNode = FALSE
	EndGlobalSection
	GlobalSection(ExtensibilityGlobals) = postSolution
		SolutionGuid = {CF5CBD2C-00A6-4C98-8D4F-DB05748205B4}
	EndGlobalSection
EndGlobal
